
Microsoft Visual Studio Solution File, Format Version 12.00
# Visual Studio Version 16
VisualStudioVersion = 16.0.31313.79
MinimumVisualStudioVersion = 10.0.40219.1
Project("{FAE04EC0-301F-11D3-BF4B-00C04F79EFBC}") = "FoodReviewWeb", "FoodReviewWeb\FoodReviewWeb.csproj", "{015C0B3D-5B71-4962-BFB8-798F445CB0B8}"
EndProject
Global
	GlobalSection(SolutionConfigurationPlatforms) = preSolution
		Debug|Any CPU = Debug|Any CPU
		Release|Any CPU = Release|Any CPU
	EndGlobalSection
	GlobalSection(ProjectConfigurationPlatforms) = postSolution
		{015C0B3D-5B71-4962-BFB8-798F445CB0B8}.Debug|Any CPU.ActiveCfg = Debug|Any CPU
		{015C0B3D-5B71-4962-BFB8-798F445CB0B8}.Debug|Any CPU.Build.0 = Debug|Any CPU
		{015C0B3D-5B71-4962-BFB8-798F445CB0B8}.Release|Any CPU.ActiveCfg = Release|Any CPU
		{015C0B3D-5B71-4962-BFB8-798F445CB0B8}.Release|Any CPU.Build.0 = Release|Any CPU
	EndGlobalSection
	GlobalSection(SolutionProperties) = preSolution
		HideSolutionNode = FALSE
	EndGlobalSection
	GlobalSection(ExtensibilityGlobals) = postSolution
		SolutionGuid = {409BF8BC-A8F6-479F-B812-BC8F6E9D6321}
	EndGlobalSection
EndGlobal
